
Microsoft Visual Studio Solution File, Format Version 12.00
# Visual Studio Version 17
VisualStudioVersion = 17.5.33516.290
MinimumVisualStudioVersion = 10.0.40219.1
Project("{FAE04EC0-301F-11D3-BF4B-00C04F79EFBC}") = "Assignment_GUI", "Assignment_GUI\Assignment_GUI.csproj", "{A485112E-7182-446D-BE12-69A2F10BA43C}"
EndProject
Global
	GlobalSection(SolutionConfigurationPlatforms) = preSolution
		Debug|Any CPU = Debug|Any CPU
		Release|Any CPU = Release|Any CPU
	EndGlobalSection
	GlobalSection(ProjectConfigurationPlatforms) = postSolution
		{A485112E-7182-446D-BE12-69A2F10BA43C}.Debug|Any CPU.ActiveCfg = Debug|Any CPU
		{A485112E-7182-446D-BE12-69A2F10BA43C}.Debug|Any CPU.Build.0 = Debug|Any CPU
		{A485112E-7182-446D-BE12-69A2F10BA43C}.Release|Any CPU.ActiveCfg = Release|Any CPU
		{A485112E-7182-446D-BE12-69A2F10BA43C}.Release|Any CPU.Build.0 = Release|Any CPU
	EndGlobalSection
	GlobalSection(SolutionProperties) = preSolution
		HideSolutionNode = FALSE
	EndGlobalSection
	GlobalSection(ExtensibilityGlobals) = postSolution
		SolutionGuid = {17AF6CD4-D0A6-4BC8-B363-A4AC3A054018}
	EndGlobalSection
EndGlobal
